lockfileVersion: '9.0'

settings:
  autoInstallPeers: true
  excludeLinksFromLockfile: false

importers:

  .:
    dependencies:
      countries-and-timezones:
        specifier: ^3.8.0
        version: 3.8.0
    devDependencies:
      typescript:
        specifier: ^5.7.2
        version: 5.9.3

packages:

  countries-and-timezones@3.8.0:
    resolution: {integrity: sha512-+Ze9h5f4dQpUwbzTm0DEkiPiZyim9VHV4/mSnT4zNYJnrnfwsKjAZPtnp7J5VzejCDgySs+2SSc6MDdCnD43GA==}
    engines: {node: '>=8.x', npm: '>=5.x'}

  typescript@5.9.3:
    resolution: {integrity: sha512-jl1vZzPDinLr9eUt3J/t7V6FgNEw9QjvBPdysz9KfQDD41fQrC2Y4vKQdiaUpFT4bXlb1RHhLpp8wtm6M5TgSw==}
    engines: {node: '>=14.17'}
    hasBin: true

snapshots:

  countries-and-timezones@3.8.0: {}

  typescript@5.9.3: {}
